
Microsoft Visual Studio Solution File, Format Version 12.00
# Visual Studio Version 17
VisualStudioVersion = 17.7.34031.279
MinimumVisualStudioVersion = 10.0.40219.1
Project("{FAE04EC0-301F-11D3-BF4B-00C04F79EFBC}") = "vizsgagyak", "vizsgagyak\vizsgagyak.csproj", "{D7C00492-0FC8-4BC6-83F3-2910B9EAAB1B}"
EndProject
Global
	GlobalSection(SolutionConfigurationPlatforms) = preSolution
		Debug|Any CPU = Debug|Any CPU
		Release|Any CPU = Release|Any CPU
	EndGlobalSection
	GlobalSection(ProjectConfigurationPlatforms) = postSolution
		{D7C00492-0FC8-4BC6-83F3-2910B9EAAB1B}.Debug|Any CPU.ActiveCfg = Debug|Any CPU
		{D7C00492-0FC8-4BC6-83F3-2910B9EAAB1B}.Debug|Any CPU.Build.0 = Debug|Any CPU
		{D7C00492-0FC8-4BC6-83F3-2910B9EAAB1B}.Release|Any CPU.ActiveCfg = Release|Any CPU
		{D7C00492-0FC8-4BC6-83F3-2910B9EAAB1B}.Release|Any CPU.Build.0 = Release|Any CPU
	EndGlobalSection
	GlobalSection(SolutionProperties) = preSolution
		HideSolutionNode = FALSE
	EndGlobalSection
	GlobalSection(ExtensibilityGlobals) = postSolution
		SolutionGuid = {44B5CA06-D1FB-4FFF-8242-4D3A4859A2BF}
	EndGlobalSection
EndGlobal
